{
  "originHash" : "ea9e79df99715ba26ca8b1f90fe03bc450b5b4e46c971f8d589f6d28b277bf08",
  "pins" : [
    {
      "identity" : "mcemojipicker",
      "kind" : "remoteSourceControl",
      "location" : "https://github.com/izyumkin/MCEmojiPicker",
      "state" : {
        "revision" : "e0b4903b75ae1cc418d276d84d1cb946b8a1d73c",
        "version" : "1.2.3"
      }
    },
    {
      "identity" : "realm-core",
      "kind" : "remoteSourceControl",
      "location" : "https://github.com/realm/realm-core.git",
      "state" : {
        "revision" : "058ecce712b4be8b2a2384ed893bf83d56a49fc0",
        "version" : "14.10.1"
      }
    },
    {
      "identity" : "realm-swift",
      "kind" : "remoteSourceControl",
      "location" : "https://github.com/realm/realm-swift",
      "state" : {
        "branch" : "master",
        "revision" : "e3258a29f1993bef4fe3d9be801c7f83dc40eef5"
      }
    },
    {
      "identity" : "uiuniversals",
      "kind" : "remoteSourceControl",
      "location" : "https://github.com/Brian-Masse/UIUniversals",
      "state" : {
        "branch" : "main",
        "revision" : "d32101b6d8b77518210bcbcd005453e971c8833a"
      }
    }
  ],
  "version" : 3
}
