{
  "originHash" : "5dd6f232e1f09a0ddec897f7c359797edc83a45d6cafe500c1731b6822eb9e70",
  "pins" : [
    {
      "identity" : "realm-core",
      "kind" : "remoteSourceControl",
      "location" : "https://github.com/realm/realm-core.git",
      "state" : {
        "revision" : "058ecce712b4be8b2a2384ed893bf83d56a49fc0",
        "version" : "14.10.1"
      }
    },
    {
      "identity" : "realm-swift",
      "kind" : "remoteSourceControl",
      "location" : "https://github.com/realm/realm-swift",
      "state" : {
        "branch" : "master",
        "revision" : "e3258a29f1993bef4fe3d9be801c7f83dc40eef5"
      }
    },
    {
      "identity" : "uiuniversals",
      "kind" : "remoteSourceControl",
      "location" : "https://github.com/Brian-Masse/UIUniversals",
      "state" : {
        "branch" : "main",
        "revision" : "d32101b6d8b77518210bcbcd005453e971c8833a"
      }
    }
  ],
  "version" : 3
}
