// !$*UTF8*$!
{
	archiveVersion = 1;
	classes = {
	};
	objectVersion = 56;
	objects = {

/* Begin PBXBuildFile section */
		C90374882C25D05D007DCA5E /* ShorterApp.swift in Sources */ = {isa = PBXBuildFile; fileRef = C90374872C25D05D007DCA5E /* ShorterApp.swift */; };
		C903748C2C25D05D007DCA5E /* ShorterView.swift in Sources */ = {isa = PBXBuildFile; fileRef = C903748B2C25D05D007DCA5E /* ShorterView.swift */; };
		C903748E2C25D05E007DCA5E /* Assets.xcassets in Resources */ = {isa = PBXBuildFile; fileRef = C903748D2C25D05E007DCA5E /* Assets.xcassets */; };
		C90374932C25D05E007DCA5E /* Preview Assets.xcassets in Resources */ = {isa = PBXBuildFile; fileRef = C90374922C25D05E007DCA5E /* Preview Assets.xcassets */; };
		C903749D2C25D05E007DCA5E /* ShorterTests.swift in Sources */ = {isa = PBXBuildFile; fileRef = C903749C2C25D05E007DCA5E /* ShorterTests.swift */; };
		C90374A72C25D05E007DCA5E /* ShorterUITests.swift in Sources */ = {isa = PBXBuildFile; fileRef = C90374A62C25D05E007DCA5E /* ShorterUITests.swift */; };
		C90374A92C25D05E007DCA5E /* ShorterUITestsLaunchTests.swift in Sources */ = {isa = PBXBuildFile; fileRef = C90374A82C25D05E007DCA5E /* ShorterUITestsLaunchTests.swift */; };
		C90374B92C25D0FD007DCA5E /* RealmOpeningView.swift in Sources */ = {isa = PBXBuildFile; fileRef = C90374B52C25D0FD007DCA5E /* RealmOpeningView.swift */; };
		C90374BA2C25D0FD007DCA5E /* RealmManager.swift in Sources */ = {isa = PBXBuildFile; fileRef = C90374B62C25D0FD007DCA5E /* RealmManager.swift */; };
		C90374BB2C25D0FD007DCA5E /* PermissionManager.swift in Sources */ = {isa = PBXBuildFile; fileRef = C90374B72C25D0FD007DCA5E /* PermissionManager.swift */; };
		C90374BC2C25D0FD007DCA5E /* AuthenticationScene.swift in Sources */ = {isa = PBXBuildFile; fileRef = C90374B82C25D0FD007DCA5E /* AuthenticationScene.swift */; };
		C90374BF2C25D12B007DCA5E /* MainView.swift in Sources */ = {isa = PBXBuildFile; fileRef = C90374BE2C25D12B007DCA5E /* MainView.swift */; };
		C90374C42C25D28B007DCA5E /* ShorterModel.swift in Sources */ = {isa = PBXBuildFile; fileRef = C90374C32C25D28B007DCA5E /* ShorterModel.swift */; };
		C90374C72C25D689007DCA5E /* ShorterPost.swift in Sources */ = {isa = PBXBuildFile; fileRef = C90374C62C25D689007DCA5E /* ShorterPost.swift */; };
		C90374C92C25E21B007DCA5E /* PhotoManager.swift in Sources */ = {isa = PBXBuildFile; fileRef = C90374C82C25E21B007DCA5E /* PhotoManager.swift */; };
		C90374CB2C25E88A007DCA5E /* ContactManager.swift in Sources */ = {isa = PBXBuildFile; fileRef = C90374CA2C25E88A007DCA5E /* ContactManager.swift */; };
		C90374CD2C25F4B4007DCA5E /* ShorterScene.swift in Sources */ = {isa = PBXBuildFile; fileRef = C90374CC2C25F4B4007DCA5E /* ShorterScene.swift */; };
		C90374D02C25F551007DCA5E /* ShorterProfile.swift in Sources */ = {isa = PBXBuildFile; fileRef = C90374CF2C25F551007DCA5E /* ShorterProfile.swift */; };
		C90374D22C25F9A0007DCA5E /* ProfileCreationScene.swift in Sources */ = {isa = PBXBuildFile; fileRef = C90374D12C25F9A0007DCA5E /* ProfileCreationScene.swift */; };
		C90374D72C2605D3007DCA5E /* MessagingManager.swift in Sources */ = {isa = PBXBuildFile; fileRef = C90374D62C2605D3007DCA5E /* MessagingManager.swift */; };
		C90374E92C261D7C007DCA5E /* WidgetKit.framework in Frameworks */ = {isa = PBXBuildFile; fileRef = C90374E82C261D7C007DCA5E /* WidgetKit.framework */; };
		C90374EB2C261D7D007DCA5E /* SwiftUI.framework in Frameworks */ = {isa = PBXBuildFile; fileRef = C90374EA2C261D7C007DCA5E /* SwiftUI.framework */; };
		C90374EE2C261D7D007DCA5E /* ShorterWidgetsBundle.swift in Sources */ = {isa = PBXBuildFile; fileRef = C90374ED2C261D7D007DCA5E /* ShorterWidgetsBundle.swift */; };
		C90374F02C261D7D007DCA5E /* ShorterWidgets.swift in Sources */ = {isa = PBXBuildFile; fileRef = C90374EF2C261D7D007DCA5E /* ShorterWidgets.swift */; };
		C90374F22C261D7E007DCA5E /* Assets.xcassets in Resources */ = {isa = PBXBuildFile; fileRef = C90374F12C261D7E007DCA5E /* Assets.xcassets */; };
		C90374F62C261D7E007DCA5E /* ShorterWidgetsExtension.appex in Embed Foundation Extensions */ = {isa = PBXBuildFile; fileRef = C90374E62C261D7C007DCA5E /* ShorterWidgetsExtension.appex */; settings = {ATTRIBUTES = (RemoveHeadersOnCopy, ); }; };
		C90374FD2C2624A0007DCA5E /* Keys.swift in Sources */ = {isa = PBXBuildFile; fileRef = C90374FC2C2624A0007DCA5E /* Keys.swift */; };
		C90374FE2C2624AB007DCA5E /* Keys.swift in Sources */ = {isa = PBXBuildFile; fileRef = C90374FC2C2624A0007DCA5E /* Keys.swift */; };
		C90375012C262A48007DCA5E /* Utilities.swift in Sources */ = {isa = PBXBuildFile; fileRef = C90375002C262A48007DCA5E /* Utilities.swift */; };
		C90375022C262A91007DCA5E /* Utilities.swift in Sources */ = {isa = PBXBuildFile; fileRef = C90375002C262A48007DCA5E /* Utilities.swift */; };
		C90375042C263227007DCA5E /* NotificationManager.swift in Sources */ = {isa = PBXBuildFile; fileRef = C90375032C263227007DCA5E /* NotificationManager.swift */; };
		C903751B2C27463F007DCA5E /* SelectFriendIntent.swift in Sources */ = {isa = PBXBuildFile; fileRef = C90375192C27447B007DCA5E /* SelectFriendIntent.swift */; };
		C90375232C27618B007DCA5E /* ShorterProfileExtension.swift in Sources */ = {isa = PBXBuildFile; fileRef = C90375222C27618A007DCA5E /* ShorterProfileExtension.swift */; };
		C90375242C2761CD007DCA5E /* ShorterProfile.swift in Sources */ = {isa = PBXBuildFile; fileRef = C90374CF2C25F551007DCA5E /* ShorterProfile.swift */; };
		C90375272C2761FF007DCA5E /* ShorterPostExtension.swift in Sources */ = {isa = PBXBuildFile; fileRef = C90375262C2761FF007DCA5E /* ShorterPostExtension.swift */; };
		C90375282C27622F007DCA5E /* PhotoManager.swift in Sources */ = {isa = PBXBuildFile; fileRef = C90374C82C25E21B007DCA5E /* PhotoManager.swift */; };
		C90375292C276284007DCA5E /* ShorterPost.swift in Sources */ = {isa = PBXBuildFile; fileRef = C90374C62C25D689007DCA5E /* ShorterPost.swift */; };
		C903752B2C2765E3007DCA5E /* RealmManagerExtension.swift in Sources */ = {isa = PBXBuildFile; fileRef = C903752A2C2765E3007DCA5E /* RealmManagerExtension.swift */; };
		C90375322C277CAA007DCA5E /* WidgetRealmManger.swift in Sources */ = {isa = PBXBuildFile; fileRef = C90375312C277CAA007DCA5E /* WidgetRealmManger.swift */; };
		C90375362C279010007DCA5E /* ShorterPostPreviewView.swift in Sources */ = {isa = PBXBuildFile; fileRef = C90375352C279010007DCA5E /* ShorterPostPreviewView.swift */; };
		C903753E2C288E23007DCA5E /* ScrollingCardWrapper.swift in Sources */ = {isa = PBXBuildFile; fileRef = C903753A2C288E23007DCA5E /* ScrollingCardWrapper.swift */; };
		C90375412C288E57007DCA5E /* StyledScrollView.swift in Sources */ = {isa = PBXBuildFile; fileRef = C90375402C288E57007DCA5E /* StyledScrollView.swift */; };
		C91032BF2C28A8F500A226BE /* ShorterPostPage.swift in Sources */ = {isa = PBXBuildFile; fileRef = C91032BE2C28A8F500A226BE /* ShorterPostPage.swift */; };
		C91032C22C28AEB400A226BE /* ShorterPostsCarousel.swift in Sources */ = {isa = PBXBuildFile; fileRef = C91032C12C28AEB400A226BE /* ShorterPostsCarousel.swift */; };
		C91032C42C28FE2A00A226BE /* ProfilePreviewView.swift in Sources */ = {isa = PBXBuildFile; fileRef = C91032C32C28FE2A00A226BE /* ProfilePreviewView.swift */; };
		C91032C62C290B0900A226BE /* IconButton.swift in Sources */ = {isa = PBXBuildFile; fileRef = C91032C52C290B0900A226BE /* IconButton.swift */; };
		C91032C82C2B4DDB00A226BE /* LoadingBlur.swift in Sources */ = {isa = PBXBuildFile; fileRef = C91032C72C2B4DDB00A226BE /* LoadingBlur.swift */; };
		C91032CA2C2B4E2200A226BE /* UniversalForms.swift in Sources */ = {isa = PBXBuildFile; fileRef = C91032C92C2B4E2200A226BE /* UniversalForms.swift */; };
		C91032CC2C2B557000A226BE /* Extensions.swift in Sources */ = {isa = PBXBuildFile; fileRef = C91032CB2C2B557000A226BE /* Extensions.swift */; };
		C91032CE2C2B7C6D00A226BE /* SearchView.swift in Sources */ = {isa = PBXBuildFile; fileRef = C91032CD2C2B7C6D00A226BE /* SearchView.swift */; };
		C98C9F652C61DC5B00178904 /* FirebaseMessaging in Frameworks */ = {isa = PBXBuildFile; productRef = C98C9F642C61DC5B00178904 /* FirebaseMessaging */; };
		C98C9F682C61DC7D00178904 /* UIUniversals in Frameworks */ = {isa = PBXBuildFile; productRef = C98C9F672C61DC7D00178904 /* UIUniversals */; };
		C98C9F6B2C61DC9100178904 /* RealmSwift in Frameworks */ = {isa = PBXBuildFile; productRef = C98C9F6A2C61DC9100178904 /* RealmSwift */; };
		C98C9F6D2C61DCBB00178904 /* RealmSwift in Frameworks */ = {isa = PBXBuildFile; productRef = C98C9F6C2C61DCBB00178904 /* RealmSwift */; };
		C98C9F6F2C61DD1200178904 /* UIUniversals in Frameworks */ = {isa = PBXBuildFile; productRef = C98C9F6E2C61DD1200178904 /* UIUniversals */; };
		C9C1CA312C5F215700A137A4 /* GoogleService-Info.plist in Resources */ = {isa = PBXBuildFile; fileRef = C9C1CA302C5F215700A137A4 /* GoogleService-Info.plist */; };
		C9C1CA372C61D1C600A137A4 /* icon-dark.png in Resources */ = {isa = PBXBuildFile; fileRef = C9C1CA362C61D1C600A137A4 /* icon-dark.png */; };
		C9C1CA392C61D27F00A137A4 /* icon-light.png in Resources */ = {isa = PBXBuildFile; fileRef = C9C1CA382C61D27F00A137A4 /* icon-light.png */; };
		C9E289C22C2BB3D80075476A /* SearchViewModel.swift in Sources */ = {isa = PBXBuildFile; fileRef = C9E289C12C2BB3D80075476A /* SearchViewModel.swift */; };
		C9E289C52C2BB74F0075476A /* ShorterSplashScreen.swift in Sources */ = {isa = PBXBuildFile; fileRef = C9E289C42C2BB74F0075476A /* ShorterSplashScreen.swift */; };
		C9E289C72C2C4ACD0075476A /* ShorterPostCreationView.swift in Sources */ = {isa = PBXBuildFile; fileRef = C9E289C62C2C4ACD0075476A /* ShorterPostCreationView.swift */; };
		C9E289CC2C2C50FC0075476A /* EmojiPicker.swift in Sources */ = {isa = PBXBuildFile; fileRef = C9E289CB2C2C50FC0075476A /* EmojiPicker.swift */; };
		C9E289CE2C2C54D50075476A /* UnicodeManager.swift in Sources */ = {isa = PBXBuildFile; fileRef = C9E289CD2C2C54D50075476A /* UnicodeManager.swift */; };
		C9E289D02C2C59870075476A /* EmojiManager.swift in Sources */ = {isa = PBXBuildFile; fileRef = C9E289CF2C2C59870075476A /* EmojiManager.swift */; };
		C9E289D52C2C9B180075476A /* ShorterPostPromptView.swift in Sources */ = {isa = PBXBuildFile; fileRef = C9E289D42C2C9B180075476A /* ShorterPostPromptView.swift */; };
		C9E289DB2C2CA74B0075476A /* TimingManager.swift in Sources */ = {isa = PBXBuildFile; fileRef = C9E289DA2C2CA74A0075476A /* TimingManager.swift */; };
		C9E289DE2C2CBD800075476A /* ProfileView.swift in Sources */ = {isa = PBXBuildFile; fileRef = C9E289DD2C2CBD800075476A /* ProfileView.swift */; };
		C9E289E02C2CC3780075476A /* ShorterPlaceHolderView.swift in Sources */ = {isa = PBXBuildFile; fileRef = C9E289DF2C2CC3780075476A /* ShorterPlaceHolderView.swift */; };
		C9E289E22C2CCB000075476A /* ProfileEdittingView.swift in Sources */ = {isa = PBXBuildFile; fileRef = C9E289E12C2CCB000075476A /* ProfileEdittingView.swift */; };
		C9E289E42C2CF3FA0075476A /* ShorterPostView.swift in Sources */ = {isa = PBXBuildFile; fileRef = C9E289E32C2CF3FA0075476A /* ShorterPostView.swift */; };
		C9E289E62C2CF40C0075476A /* ShorterPostPageViewModel.swift in Sources */ = {isa = PBXBuildFile; fileRef = C9E289E52C2CF40C0075476A /* ShorterPostPageViewModel.swift */; };
		C9E289E82C2DEE270075476A /* SocialPageView.swift in Sources */ = {isa = PBXBuildFile; fileRef = C9E289E72C2DEE270075476A /* SocialPageView.swift */; };
		C9E289EA2C2E203B0075476A /* ShorterExtensions.swift in Sources */ = {isa = PBXBuildFile; fileRef = C9E289E92C2E203B0075476A /* ShorterExtensions.swift */; };
		C9E28A282C2EC8450075476A /* TimingManager.swift in Sources */ = {isa = PBXBuildFile; fileRef = C9E289DA2C2CA74A0075476A /* TimingManager.swift */; };
		C9E28A292C2EC84D0075476A /* RealmManager.swift in Sources */ = {isa = PBXBuildFile; fileRef = C90374B62C25D0FD007DCA5E /* RealmManager.swift */; };
		C9E28A302C32E4CF0075476A /* PrivacyPages.swift in Sources */ = {isa = PBXBuildFile; fileRef = C9E28A2F2C32E4CF0075476A /* PrivacyPages.swift */; };
/* End PBXBuildFile section */

/* Begin PBXContainerItemProxy section */
		C90374992C25D05E007DCA5E /* PBXContainerItemProxy */ = {
			isa = PBXContainerItemProxy;
			containerPortal = C903747C2C25D05D007DCA5E /* Project object */;
			proxyType = 1;
			remoteGlobalIDString = C90374832C25D05D007DCA5E;
			remoteInfo = Shorter;
		};
		C90374A32C25D05E007DCA5E /* PBXContainerItemProxy */ = {
			isa = PBXContainerItemProxy;
			containerPortal = C903747C2C25D05D007DCA5E /* Project object */;
			proxyType = 1;
			remoteGlobalIDString = C90374832C25D05D007DCA5E;
			remoteInfo = Shorter;
		};
		C90374F42C261D7E007DCA5E /* PBXContainerItemProxy */ = {
			isa = PBXContainerItemProxy;
			containerPortal = C903747C2C25D05D007DCA5E /* Project object */;
			proxyType = 1;
			remoteGlobalIDString = C90374E52C261D7C007DCA5E;
			remoteInfo = ShorterWidgetsExtension;
		};
/* End PBXContainerItemProxy section */

/* Begin PBXCopyFilesBuildPhase section */
		C90374E12C260AB3007DCA5E /* Embed Frameworks */ = {
			isa = PBXCopyFilesBuildPhase;
			buildActionMask = 2147483647;
			dstPath = "";
			dstSubfolderSpec = 10;
			files = (
			);
			name = "Embed Frameworks";
			runOnlyForDeploymentPostprocessing = 0;
		};
		C90374FA2C261D7E007DCA5E /* Embed Foundation Extensions */ = {
			isa = PBXCopyFilesBuildPhase;
			buildActionMask = 2147483647;
			dstPath = "";
			dstSubfolderSpec = 13;
			files = (
				C90374F62C261D7E007DCA5E /* ShorterWidgetsExtension.appex in Embed Foundation Extensions */,
			);
			name = "Embed Foundation Extensions";
			runOnlyForDeploymentPostprocessing = 0;
		};
		C90375202C2754BC007DCA5E /* Embed Frameworks */ = {
			isa = PBXCopyFilesBuildPhase;
			buildActionMask = 2147483647;
			dstPath = "";
			dstSubfolderSpec = 10;
			files = (
			);
			name = "Embed Frameworks";
			runOnlyForDeploymentPostprocessing = 0;
		};
/* End PBXCopyFilesBuildPhase section */

/* Begin PBXFileReference section */
		C90374842C25D05D007DCA5E /* Shorter.app */ = {isa = PBXFileReference; explicitFileType = wrapper.application; includeInIndex = 0; path = Shorter.app; sourceTree = BUILT_PRODUCTS_DIR; };
		C90374872C25D05D007DCA5E /* ShorterApp.swift */ = {isa = PBXFileReference; lastKnownFileType = sourcecode.swift; path = ShorterApp.swift; sourceTree = "<group>"; };
		C903748B2C25D05D007DCA5E /* ShorterView.swift */ = {isa = PBXFileReference; lastKnownFileType = sourcecode.swift; path = ShorterView.swift; sourceTree = "<group>"; };
		C903748D2C25D05E007DCA5E /* Assets.xcassets */ = {isa = PBXFileReference; lastKnownFileType = folder.assetcatalog; path = Assets.xcassets; sourceTree = "<group>"; };
		C903748F2C25D05E007DCA5E /* Info.plist */ = {isa = PBXFileReference; lastKnownFileType = text.plist.xml; path = Info.plist; sourceTree = "<group>"; };
		C90374902C25D05E007DCA5E /* Shorter.entitlements */ = {isa = PBXFileReference; lastKnownFileType = text.plist.entitlements; path = Shorter.entitlements; sourceTree = "<group>"; };
		C90374922C25D05E007DCA5E /* Preview Assets.xcassets */ = {isa = PBXFileReference; lastKnownFileType = folder.assetcatalog; path = "Preview Assets.xcassets"; sourceTree = "<group>"; };
		C90374982C25D05E007DCA5E /* ShorterTests.xctest */ = {isa = PBXFileReference; explicitFileType = wrapper.cfbundle; includeInIndex = 0; path = ShorterTests.xctest; sourceTree = BUILT_PRODUCTS_DIR; };
		C903749C2C25D05E007DCA5E /* ShorterTests.swift */ = {isa = PBXFileReference; lastKnownFileType = sourcecode.swift; path = ShorterTests.swift; sourceTree = "<group>"; };
		C90374A22C25D05E007DCA5E /* ShorterUITests.xctest */ = {isa = PBXFileReference; explicitFileType = wrapper.cfbundle; includeInIndex = 0; path = ShorterUITests.xctest; sourceTree = BUILT_PRODUCTS_DIR; };
		C90374A62C25D05E007DCA5E /* ShorterUITests.swift */ = {isa = PBXFileReference; lastKnownFileType = sourcecode.swift; path = ShorterUITests.swift; sourceTree = "<group>"; };
		C90374A82C25D05E007DCA5E /* ShorterUITestsLaunchTests.swift */ = {isa = PBXFileReference; lastKnownFileType = sourcecode.swift; path = ShorterUITestsLaunchTests.swift; sourceTree = "<group>"; };
		C90374B52C25D0FD007DCA5E /* RealmOpeningView.swift */ = {isa = PBXFileReference; fileEncoding = 4; lastKnownFileType = sourcecode.swift; path = RealmOpeningView.swift; sourceTree = "<group>"; };
		C90374B62C25D0FD007DCA5E /* RealmManager.swift */ = {isa = PBXFileReference; fileEncoding = 4; lastKnownFileType = sourcecode.swift; path = RealmManager.swift; sourceTree = "<group>"; };
		C90374B72C25D0FD007DCA5E /* PermissionManager.swift */ = {isa = PBXFileReference; fileEncoding = 4; lastKnownFileType = sourcecode.swift; path = PermissionManager.swift; sourceTree = "<group>"; };
		C90374B82C25D0FD007DCA5E /* AuthenticationScene.swift */ = {isa = PBXFileReference; fileEncoding = 4; lastKnownFileType = sourcecode.swift; path = AuthenticationScene.swift; sourceTree = "<group>"; };
		C90374BE2C25D12B007DCA5E /* MainView.swift */ = {isa = PBXFileReference; lastKnownFileType = sourcecode.swift; path = MainView.swift; sourceTree = "<group>"; };
		C90374C32C25D28B007DCA5E /* ShorterModel.swift */ = {isa = PBXFileReference; lastKnownFileType = sourcecode.swift; path = ShorterModel.swift; sourceTree = "<group>"; };
		C90374C62C25D689007DCA5E /* ShorterPost.swift */ = {isa = PBXFileReference; lastKnownFileType = sourcecode.swift; path = ShorterPost.swift; sourceTree = "<group>"; };
		C90374C82C25E21B007DCA5E /* PhotoManager.swift */ = {isa = PBXFileReference; fileEncoding = 4; lastKnownFileType = sourcecode.swift; path = PhotoManager.swift; sourceTree = "<group>"; };
		C90374CA2C25E88A007DCA5E /* ContactManager.swift */ = {isa = PBXFileReference; lastKnownFileType = sourcecode.swift; path = ContactManager.swift; sourceTree = "<group>"; };
		C90374CC2C25F4B4007DCA5E /* ShorterScene.swift */ = {isa = PBXFileReference; fileEncoding = 4; lastKnownFileType = sourcecode.swift; path = ShorterScene.swift; sourceTree = "<group>"; };
		C90374CF2C25F551007DCA5E /* ShorterProfile.swift */ = {isa = PBXFileReference; lastKnownFileType = sourcecode.swift; path = ShorterProfile.swift; sourceTree = "<group>"; };
		C90374D12C25F9A0007DCA5E /* ProfileCreationScene.swift */ = {isa = PBXFileReference; lastKnownFileType = sourcecode.swift; path = ProfileCreationScene.swift; sourceTree = "<group>"; };
		C90374D62C2605D3007DCA5E /* MessagingManager.swift */ = {isa = PBXFileReference; lastKnownFileType = sourcecode.swift; path = MessagingManager.swift; sourceTree = "<group>"; };
		C90374E62C261D7C007DCA5E /* ShorterWidgetsExtension.appex */ = {isa = PBXFileReference; explicitFileType = "wrapper.app-extension"; includeInIndex = 0; path = ShorterWidgetsExtension.appex; sourceTree = BUILT_PRODUCTS_DIR; };
		C90374E82C261D7C007DCA5E /* WidgetKit.framework */ = {isa = PBXFileReference; lastKnownFileType = wrapper.framework; name = WidgetKit.framework; path = System/Library/Frameworks/WidgetKit.framework; sourceTree = SDKROOT; };
		C90374EA2C261D7C007DCA5E /* SwiftUI.framework */ = {isa = PBXFileReference; lastKnownFileType = wrapper.framework; name = SwiftUI.framework; path = System/Library/Frameworks/SwiftUI.framework; sourceTree = SDKROOT; };
		C90374ED2C261D7D007DCA5E /* ShorterWidgetsBundle.swift */ = {isa = PBXFileReference; lastKnownFileType = sourcecode.swift; path = ShorterWidgetsBundle.swift; sourceTree = "<group>"; };
		C90374EF2C261D7D007DCA5E /* ShorterWidgets.swift */ = {isa = PBXFileReference; lastKnownFileType = sourcecode.swift; path = ShorterWidgets.swift; sourceTree = "<group>"; };
		C90374F12C261D7E007DCA5E /* Assets.xcassets */ = {isa = PBXFileReference; lastKnownFileType = folder.assetcatalog; path = Assets.xcassets; sourceTree = "<group>"; };
		C90374F32C261D7E007DCA5E /* Info.plist */ = {isa = PBXFileReference; lastKnownFileType = text.plist.xml; path = Info.plist; sourceTree = "<group>"; };
		C90374FB2C262322007DCA5E /* ShorterWidgetsExtension.entitlements */ = {isa = PBXFileReference; lastKnownFileType = text.plist.entitlements; path = ShorterWidgetsExtension.entitlements; sourceTree = "<group>"; };
		C90374FC2C2624A0007DCA5E /* Keys.swift */ = {isa = PBXFileReference; lastKnownFileType = sourcecode.swift; path = Keys.swift; sourceTree = "<group>"; };
		C90375002C262A48007DCA5E /* Utilities.swift */ = {isa = PBXFileReference; lastKnownFileType = sourcecode.swift; path = Utilities.swift; sourceTree = "<group>"; };
		C90375032C263227007DCA5E /* NotificationManager.swift */ = {isa = PBXFileReference; lastKnownFileType = sourcecode.swift; path = NotificationManager.swift; sourceTree = "<group>"; };
		C90375192C27447B007DCA5E /* SelectFriendIntent.swift */ = {isa = PBXFileReference; lastKnownFileType = sourcecode.swift; path = SelectFriendIntent.swift; sourceTree = "<group>"; };
		C90375222C27618A007DCA5E /* ShorterProfileExtension.swift */ = {isa = PBXFileReference; lastKnownFileType = sourcecode.swift; path = ShorterProfileExtension.swift; sourceTree = "<group>"; };
		C90375262C2761FF007DCA5E /* ShorterPostExtension.swift */ = {isa = PBXFileReference; lastKnownFileType = sourcecode.swift; path = ShorterPostExtension.swift; sourceTree = "<group>"; };
		C903752A2C2765E3007DCA5E /* RealmManagerExtension.swift */ = {isa = PBXFileReference; lastKnownFileType = sourcecode.swift; path = RealmManagerExtension.swift; sourceTree = "<group>"; };
		C90375312C277CAA007DCA5E /* WidgetRealmManger.swift */ = {isa = PBXFileReference; lastKnownFileType = sourcecode.swift; path = WidgetRealmManger.swift; sourceTree = "<group>"; };
		C90375352C279010007DCA5E /* ShorterPostPreviewView.swift */ = {isa = PBXFileReference; lastKnownFileType = sourcecode.swift; path = ShorterPostPreviewView.swift; sourceTree = "<group>"; };
		C903753A2C288E23007DCA5E /* ScrollingCardWrapper.swift */ = {isa = PBXFileReference; fileEncoding = 4; lastKnownFileType = sourcecode.swift; path = ScrollingCardWrapper.swift; sourceTree = "<group>"; };
		C90375402C288E57007DCA5E /* StyledScrollView.swift */ = {isa = PBXFileReference; fileEncoding = 4; lastKnownFileType = sourcecode.swift; path = StyledScrollView.swift; sourceTree = "<group>"; };
		C91032BE2C28A8F500A226BE /* ShorterPostPage.swift */ = {isa = PBXFileReference; lastKnownFileType = sourcecode.swift; path = ShorterPostPage.swift; sourceTree = "<group>"; };
		C91032C12C28AEB400A226BE /* ShorterPostsCarousel.swift */ = {isa = PBXFileReference; lastKnownFileType = sourcecode.swift; path = ShorterPostsCarousel.swift; sourceTree = "<group>"; };
		C91032C32C28FE2A00A226BE /* ProfilePreviewView.swift */ = {isa = PBXFileReference; lastKnownFileType = sourcecode.swift; path = ProfilePreviewView.swift; sourceTree = "<group>"; };
		C91032C52C290B0900A226BE /* IconButton.swift */ = {isa = PBXFileReference; lastKnownFileType = sourcecode.swift; path = IconButton.swift; sourceTree = "<group>"; };
		C91032C72C2B4DDB00A226BE /* LoadingBlur.swift */ = {isa = PBXFileReference; lastKnownFileType = sourcecode.swift; path = LoadingBlur.swift; sourceTree = "<group>"; };
		C91032C92C2B4E2200A226BE /* UniversalForms.swift */ = {isa = PBXFileReference; lastKnownFileType = sourcecode.swift; path = UniversalForms.swift; sourceTree = "<group>"; };
		C91032CB2C2B557000A226BE /* Extensions.swift */ = {isa = PBXFileReference; lastKnownFileType = sourcecode.swift; path = Extensions.swift; sourceTree = "<group>"; };
		C91032CD2C2B7C6D00A226BE /* SearchView.swift */ = {isa = PBXFileReference; lastKnownFileType = sourcecode.swift; path = SearchView.swift; sourceTree = "<group>"; };
		C9C1CA302C5F215700A137A4 /* GoogleService-Info.plist */ = {isa = PBXFileReference; fileEncoding = 4; lastKnownFileType = text.plist.xml; path = "GoogleService-Info.plist"; sourceTree = "<group>"; };
		C9C1CA362C61D1C600A137A4 /* icon-dark.png */ = {isa = PBXFileReference; lastKnownFileType = image.png; path = "icon-dark.png"; sourceTree = "<group>"; };
		C9C1CA382C61D27F00A137A4 /* icon-light.png */ = {isa = PBXFileReference; lastKnownFileType = image.png; path = "icon-light.png"; sourceTree = "<group>"; };
		C9E289C12C2BB3D80075476A /* SearchViewModel.swift */ = {isa = PBXFileReference; lastKnownFileType = sourcecode.swift; name = SearchViewModel.swift; path = Shorter/Profile/SearchViewModel.swift; sourceTree = SOURCE_ROOT; };
		C9E289C42C2BB74F0075476A /* ShorterSplashScreen.swift */ = {isa = PBXFileReference; lastKnownFileType = sourcecode.swift; path = ShorterSplashScreen.swift; sourceTree = "<group>"; };
		C9E289C62C2C4ACD0075476A /* ShorterPostCreationView.swift */ = {isa = PBXFileReference; lastKnownFileType = sourcecode.swift; path = ShorterPostCreationView.swift; sourceTree = "<group>"; };
		C9E289CB2C2C50FC0075476A /* EmojiPicker.swift */ = {isa = PBXFileReference; lastKnownFileType = sourcecode.swift; path = EmojiPicker.swift; sourceTree = "<group>"; };
		C9E289CD2C2C54D50075476A /* UnicodeManager.swift */ = {isa = PBXFileReference; lastKnownFileType = sourcecode.swift; path = UnicodeManager.swift; sourceTree = "<group>"; };
		C9E289CF2C2C59870075476A /* EmojiManager.swift */ = {isa = PBXFileReference; lastKnownFileType = sourcecode.swift; path = EmojiManager.swift; sourceTree = "<group>"; };
		C9E289D42C2C9B180075476A /* ShorterPostPromptView.swift */ = {isa = PBXFileReference; lastKnownFileType = sourcecode.swift; path = ShorterPostPromptView.swift; sourceTree = "<group>"; };
		C9E289DA2C2CA74A0075476A /* TimingManager.swift */ = {isa = PBXFileReference; fileEncoding = 4; lastKnownFileType = sourcecode.swift; path = TimingManager.swift; sourceTree = "<group>"; };
		C9E289DD2C2CBD800075476A /* ProfileView.swift */ = {isa = PBXFileReference; lastKnownFileType = sourcecode.swift; path = ProfileView.swift; sourceTree = "<group>"; };
		C9E289DF2C2CC3780075476A /* ShorterPlaceHolderView.swift */ = {isa = PBXFileReference; lastKnownFileType = sourcecode.swift; path = ShorterPlaceHolderView.swift; sourceTree = "<group>"; };
		C9E289E12C2CCB000075476A /* ProfileEdittingView.swift */ = {isa = PBXFileReference; lastKnownFileType = sourcecode.swift; path = ProfileEdittingView.swift; sourceTree = "<group>"; };
		C9E289E32C2CF3FA0075476A /* ShorterPostView.swift */ = {isa = PBXFileReference; lastKnownFileType = sourcecode.swift; path = ShorterPostView.swift; sourceTree = "<group>"; };
		C9E289E52C2CF40C0075476A /* ShorterPostPageViewModel.swift */ = {isa = PBXFileReference; lastKnownFileType = sourcecode.swift; name = ShorterPostPageViewModel.swift; path = Shorter/Posts/ShorterPostPageViewModel.swift; sourceTree = SOURCE_ROOT; };
		C9E289E72C2DEE270075476A /* SocialPageView.swift */ = {isa = PBXFileReference; lastKnownFileType = sourcecode.swift; path = SocialPageView.swift; sourceTree = "<group>"; };
		C9E289E92C2E203B0075476A /* ShorterExtensions.swift */ = {isa = PBXFileReference; lastKnownFileType = sourcecode.swift; path = ShorterExtensions.swift; sourceTree = "<group>"; };
		C9E28A2F2C32E4CF0075476A /* PrivacyPages.swift */ = {isa = PBXFileReference; lastKnownFileType = sourcecode.swift; path = PrivacyPages.swift; sourceTree = "<group>"; };
/* End PBXFileReference section */

/* Begin PBXFrameworksBuildPhase section */
		C90374812C25D05D007DCA5E /* Frameworks */ = {
			isa = PBXFrameworksBuildPhase;
			buildActionMask = 2147483647;
			files = (
				C98C9F6B2C61DC9100178904 /* RealmSwift in Frameworks */,
				C98C9F682C61DC7D00178904 /* UIUniversals in Frameworks */,
				C98C9F652C61DC5B00178904 /* FirebaseMessaging in Frameworks */,
			);
			runOnlyForDeploymentPostprocessing = 0;
		};
		C90374952C25D05E007DCA5E /* Frameworks */ = {
			isa = PBXFrameworksBuildPhase;
			buildActionMask = 2147483647;
			files = (
			);
			runOnlyForDeploymentPostprocessing = 0;
		};
		C903749F2C25D05E007DCA5E /* Frameworks */ = {
			isa = PBXFrameworksBuildPhase;
			buildActionMask = 2147483647;
			files = (
			);
			runOnlyForDeploymentPostprocessing = 0;
		};
		C90374E32C261D7C007DCA5E /* Frameworks */ = {
			isa = PBXFrameworksBuildPhase;
			buildActionMask = 2147483647;
			files = (
				C98C9F6D2C61DCBB00178904 /* RealmSwift in Frameworks */,
				C90374EB2C261D7D007DCA5E /* SwiftUI.framework in Frameworks */,
				C98C9F6F2C61DD1200178904 /* UIUniversals in Frameworks */,
				C90374E92C261D7C007DCA5E /* WidgetKit.framework in Frameworks */,
			);
			runOnlyForDeploymentPostprocessing = 0;
		};
/* End PBXFrameworksBuildPhase section */

/* Begin PBXGroup section */
		C903747B2C25D05D007DCA5E = {
			isa = PBXGroup;
			children = (
				C90374FC2C2624A0007DCA5E /* Keys.swift */,
				C9C1CA302C5F215700A137A4 /* GoogleService-Info.plist */,
				C90374FB2C262322007DCA5E /* ShorterWidgetsExtension.entitlements */,
				C90374862C25D05D007DCA5E /* Shorter */,
				C903749B2C25D05E007DCA5E /* ShorterTests */,
				C90374A52C25D05E007DCA5E /* ShorterUITests */,
				C90374EC2C261D7D007DCA5E /* ShorterWidgets */,
				C90374E72C261D7C007DCA5E /* Frameworks */,
				C90374852C25D05D007DCA5E /* Products */,
				CBB2A80C82599A7747D2D8B3 /* Pods */,
			);
			sourceTree = "<group>";
		};
		C90374852C25D05D007DCA5E /* Products */ = {
			isa = PBXGroup;
			children = (
				C90374842C25D05D007DCA5E /* Shorter.app */,
				C90374982C25D05E007DCA5E /* ShorterTests.xctest */,
				C90374A22C25D05E007DCA5E /* ShorterUITests.xctest */,
				C90374E62C261D7C007DCA5E /* ShorterWidgetsExtension.appex */,
			);
			name = Products;
			sourceTree = "<group>";
		};
		C90374862C25D05D007DCA5E /* Shorter */ = {
			isa = PBXGroup;
			children = (
				C90374C52C25D534007DCA5E /* Main */,
				C90375252C2761E6007DCA5E /* Managers */,
				C90374BD2C25D105007DCA5E /* Authentication */,
				C90374CE2C25F538007DCA5E /* Profile */,
				C90375332C278FFF007DCA5E /* Posts */,
				C90375372C288DD8007DCA5E /* UIElements */,
				C9E28A2A2C3096A20075476A /* icons */,
				C903748D2C25D05E007DCA5E /* Assets.xcassets */,
				C903748F2C25D05E007DCA5E /* Info.plist */,
				C90374902C25D05E007DCA5E /* Shorter.entitlements */,
				C90374912C25D05E007DCA5E /* Preview Content */,
			);
			path = Shorter;
			sourceTree = "<group>";
		};
		C90374912C25D05E007DCA5E /* Preview Content */ = {
			isa = PBXGroup;
			children = (
				C90374922C25D05E007DCA5E /* Preview Assets.xcassets */,
			);
			path = "Preview Content";
			sourceTree = "<group>";
		};
		C903749B2C25D05E007DCA5E /* ShorterTests */ = {
			isa = PBXGroup;
			children = (
				C903749C2C25D05E007DCA5E /* ShorterTests.swift */,
			);
			path = ShorterTests;
			sourceTree = "<group>";
		};
		C90374A52C25D05E007DCA5E /* ShorterUITests */ = {
			isa = PBXGroup;
			children = (
				C90374A62C25D05E007DCA5E /* ShorterUITests.swift */,
				C90374A82C25D05E007DCA5E /* ShorterUITestsLaunchTests.swift */,
			);
			path = ShorterUITests;
			sourceTree = "<group>";
		};
		C90374BD2C25D105007DCA5E /* Authentication */ = {
			isa = PBXGroup;
			children = (
				C90374B62C25D0FD007DCA5E /* RealmManager.swift */,
				C903752A2C2765E3007DCA5E /* RealmManagerExtension.swift */,
				C9E289C32C2BB4D90075476A /* Views */,
			);
			path = Authentication;
			sourceTree = "<group>";
		};
		C90374C52C25D534007DCA5E /* Main */ = {
			isa = PBXGroup;
			children = (
				C90374872C25D05D007DCA5E /* ShorterApp.swift */,
				C90374C32C25D28B007DCA5E /* ShorterModel.swift */,
				C903748B2C25D05D007DCA5E /* ShorterView.swift */,
				C90374BE2C25D12B007DCA5E /* MainView.swift */,
			);
			path = Main;
			sourceTree = "<group>";
		};
		C90374CE2C25F538007DCA5E /* Profile */ = {
			isa = PBXGroup;
			children = (
				C90374CF2C25F551007DCA5E /* ShorterProfile.swift */,
				C90375222C27618A007DCA5E /* ShorterProfileExtension.swift */,
				C9E289C12C2BB3D80075476A /* SearchViewModel.swift */,
				C91032CF2C2B7C7400A226BE /* Views */,
			);
			path = Profile;
			sourceTree = "<group>";
		};
		C90374E72C261D7C007DCA5E /* Frameworks */ = {
			isa = PBXGroup;
			children = (
				C90374E82C261D7C007DCA5E /* WidgetKit.framework */,
				C90374EA2C261D7C007DCA5E /* SwiftUI.framework */,
			);
			name = Frameworks;
			sourceTree = "<group>";
		};
		C90374EC2C261D7D007DCA5E /* ShorterWidgets */ = {
			isa = PBXGroup;
			children = (
				C90374ED2C261D7D007DCA5E /* ShorterWidgetsBundle.swift */,
				C90375002C262A48007DCA5E /* Utilities.swift */,
				C90374EF2C261D7D007DCA5E /* ShorterWidgets.swift */,
				C90375192C27447B007DCA5E /* SelectFriendIntent.swift */,
				C90375312C277CAA007DCA5E /* WidgetRealmManger.swift */,
				C90374F12C261D7E007DCA5E /* Assets.xcassets */,
				C90374F32C261D7E007DCA5E /* Info.plist */,
			);
			path = ShorterWidgets;
			sourceTree = "<group>";
		};
		C90375252C2761E6007DCA5E /* Managers */ = {
			isa = PBXGroup;
			children = (
				C90374B72C25D0FD007DCA5E /* PermissionManager.swift */,
				C9E289DA2C2CA74A0075476A /* TimingManager.swift */,
				C90374CA2C25E88A007DCA5E /* ContactManager.swift */,
				C90374C82C25E21B007DCA5E /* PhotoManager.swift */,
				C90375032C263227007DCA5E /* NotificationManager.swift */,
				C90374D62C2605D3007DCA5E /* MessagingManager.swift */,
			);
			path = Managers;
			sourceTree = "<group>";
		};
		C90375332C278FFF007DCA5E /* Posts */ = {
			isa = PBXGroup;
			children = (
				C90375262C2761FF007DCA5E /* ShorterPostExtension.swift */,
				C90374C62C25D689007DCA5E /* ShorterPost.swift */,
				C9E289E52C2CF40C0075476A /* ShorterPostPageViewModel.swift */,
				C91032C02C28AE8800A226BE /* Views */,
			);
			path = Posts;
			sourceTree = "<group>";
		};
		C90375372C288DD8007DCA5E /* UIElements */ = {
			isa = PBXGroup;
			children = (
				C9E289D22C2C915A0075476A /* ShorterViews */,
				C9E289D12C2C913E0075476A /* EmojiPicker */,
				C9E289D32C2C916C0075476A /* Universals */,
				C91032C72C2B4DDB00A226BE /* LoadingBlur.swift */,
				C90375402C288E57007DCA5E /* StyledScrollView.swift */,
				C903753A2C288E23007DCA5E /* ScrollingCardWrapper.swift */,
			);
			path = UIElements;
			sourceTree = "<group>";
		};
		C91032C02C28AE8800A226BE /* Views */ = {
			isa = PBXGroup;
			children = (
				C91032BE2C28A8F500A226BE /* ShorterPostPage.swift */,
				C90375352C279010007DCA5E /* ShorterPostPreviewView.swift */,
				C9E289E32C2CF3FA0075476A /* ShorterPostView.swift */,
				C9E289C62C2C4ACD0075476A /* ShorterPostCreationView.swift */,
				C91032C12C28AEB400A226BE /* ShorterPostsCarousel.swift */,
				C9E289D42C2C9B180075476A /* ShorterPostPromptView.swift */,
			);
			path = Views;
			sourceTree = "<group>";
		};
		C91032CF2C2B7C7400A226BE /* Views */ = {
			isa = PBXGroup;
			children = (
				C91032CD2C2B7C6D00A226BE /* SearchView.swift */,
				C9E289E72C2DEE270075476A /* SocialPageView.swift */,
				C91032C32C28FE2A00A226BE /* ProfilePreviewView.swift */,
				C90374D12C25F9A0007DCA5E /* ProfileCreationScene.swift */,
				C9E289DD2C2CBD800075476A /* ProfileView.swift */,
				C9E28A2F2C32E4CF0075476A /* PrivacyPages.swift */,
				C9E289E12C2CCB000075476A /* ProfileEdittingView.swift */,
			);
			path = Views;
			sourceTree = "<group>";
		};
		C9E289C32C2BB4D90075476A /* Views */ = {
			isa = PBXGroup;
			children = (
				C90374B82C25D0FD007DCA5E /* AuthenticationScene.swift */,
				C90374B52C25D0FD007DCA5E /* RealmOpeningView.swift */,
			);
			path = Views;
			sourceTree = "<group>";
		};
		C9E289D12C2C913E0075476A /* EmojiPicker */ = {
			isa = PBXGroup;
			children = (
				C9E289CB2C2C50FC0075476A /* EmojiPicker.swift */,
				C9E289CD2C2C54D50075476A /* UnicodeManager.swift */,
				C9E289CF2C2C59870075476A /* EmojiManager.swift */,
			);
			path = EmojiPicker;
			sourceTree = "<group>";
		};
		C9E289D22C2C915A0075476A /* ShorterViews */ = {
			isa = PBXGroup;
			children = (
				C90374CC2C25F4B4007DCA5E /* ShorterScene.swift */,
				C91032C52C290B0900A226BE /* IconButton.swift */,
				C9E289C42C2BB74F0075476A /* ShorterSplashScreen.swift */,
				C9E289DF2C2CC3780075476A /* ShorterPlaceHolderView.swift */,
				C9E289E92C2E203B0075476A /* ShorterExtensions.swift */,
			);
			path = ShorterViews;
			sourceTree = "<group>";
		};
		C9E289D32C2C916C0075476A /* Universals */ = {
			isa = PBXGroup;
			children = (
				C91032CB2C2B557000A226BE /* Extensions.swift */,
				C91032C92C2B4E2200A226BE /* UniversalForms.swift */,
			);
			path = Universals;
			sourceTree = "<group>";
		};
		C9E28A2A2C3096A20075476A /* icons */ = {
			isa = PBXGroup;
			children = (
				C9C1CA382C61D27F00A137A4 /* icon-light.png */,
				C9C1CA362C61D1C600A137A4 /* icon-dark.png */,
			);
			path = icons;
			sourceTree = "<group>";
		};
		CBB2A80C82599A7747D2D8B3 /* Pods */ = {
			isa = PBXGroup;
			children = (
			);
			path = Pods;
			sourceTree = "<group>";
		};
/* End PBXGroup section */

/* Begin PBXNativeTarget section */
		C90374832C25D05D007DCA5E /* Shorter */ = {
			isa = PBXNativeTarget;
			buildConfigurationList = C90374AC2C25D05E007DCA5E /* Build configuration list for PBXNativeTarget "Shorter" */;
			buildPhases = (
				C90374802C25D05D007DCA5E /* Sources */,
				C90374812C25D05D007DCA5E /* Frameworks */,
				C90374822C25D05D007DCA5E /* Resources */,
				C90374E12C260AB3007DCA5E /* Embed Frameworks */,
				C90374FA2C261D7E007DCA5E /* Embed Foundation Extensions */,
			);
			buildRules = (
			);
			dependencies = (
				C90374F52C261D7E007DCA5E /* PBXTargetDependency */,
			);
			name = Shorter;
			packageProductDependencies = (
				C98C9F642C61DC5B00178904 /* FirebaseMessaging */,
				C98C9F672C61DC7D00178904 /* UIUniversals */,
				C98C9F6A2C61DC9100178904 /* RealmSwift */,
			);
			productName = Shorter;
			productReference = C90374842C25D05D007DCA5E /* Shorter.app */;
			productType = "com.apple.product-type.application";
		};
		C90374972C25D05E007DCA5E /* ShorterTests */ = {
			isa = PBXNativeTarget;
			buildConfigurationList = C90374AF2C25D05E007DCA5E /* Build configuration list for PBXNativeTarget "ShorterTests" */;
			buildPhases = (
				C90374942C25D05E007DCA5E /* Sources */,
				C90374952C25D05E007DCA5E /* Frameworks */,
				C90374962C25D05E007DCA5E /* Resources */,
			);
			buildRules = (
			);
			dependencies = (
				C903749A2C25D05E007DCA5E /* PBXTargetDependency */,
			);
			name = ShorterTests;
			productName = ShorterTests;
			productReference = C90374982C25D05E007DCA5E /* ShorterTests.xctest */;
			productType = "com.apple.product-type.bundle.unit-test";
		};
		C90374A12C25D05E007DCA5E /* ShorterUITests */ = {
			isa = PBXNativeTarget;
			buildConfigurationList = C90374B22C25D05E007DCA5E /* Build configuration list for PBXNativeTarget "ShorterUITests" */;
			buildPhases = (
				C903749E2C25D05E007DCA5E /* Sources */,
				C903749F2C25D05E007DCA5E /* Frameworks */,
				C90374A02C25D05E007DCA5E /* Resources */,
			);
			buildRules = (
			);
			dependencies = (
				C90374A42C25D05E007DCA5E /* PBXTargetDependency */,
			);
			name = ShorterUITests;
			productName = ShorterUITests;
			productReference = C90374A22C25D05E007DCA5E /* ShorterUITests.xctest */;
			productType = "com.apple.product-type.bundle.ui-testing";
		};
		C90374E52C261D7C007DCA5E /* ShorterWidgetsExtension */ = {
			isa = PBXNativeTarget;
			buildConfigurationList = C90374F72C261D7E007DCA5E /* Build configuration list for PBXNativeTarget "ShorterWidgetsExtension" */;
			buildPhases = (
				C90374E22C261D7C007DCA5E /* Sources */,
				C90374E32C261D7C007DCA5E /* Frameworks */,
				C90374E42C261D7C007DCA5E /* Resources */,
				C90375202C2754BC007DCA5E /* Embed Frameworks */,
			);
			buildRules = (
			);
			dependencies = (
			);
			name = ShorterWidgetsExtension;
			packageProductDependencies = (
				C98C9F6C2C61DCBB00178904 /* RealmSwift */,
				C98C9F6E2C61DD1200178904 /* UIUniversals */,
			);
			productName = ShorterWidgetsExtension;
			productReference = C90374E62C261D7C007DCA5E /* ShorterWidgetsExtension.appex */;
			productType = "com.apple.product-type.app-extension";
		};
/* End PBXNativeTarget section */

/* Begin PBXProject section */
		C903747C2C25D05D007DCA5E /* Project object */ = {
			isa = PBXProject;
			attributes = {
				BuildIndependentTargetsInParallel = 1;
				LastSwiftUpdateCheck = 1540;
				LastUpgradeCheck = 1540;
				TargetAttributes = {
					C90374832C25D05D007DCA5E = {
						CreatedOnToolsVersion = 15.4;
					};
					C90374972C25D05E007DCA5E = {
						CreatedOnToolsVersion = 15.4;
						TestTargetID = C90374832C25D05D007DCA5E;
					};
					C90374A12C25D05E007DCA5E = {
						CreatedOnToolsVersion = 15.4;
						TestTargetID = C90374832C25D05D007DCA5E;
					};
					C90374E52C261D7C007DCA5E = {
						CreatedOnToolsVersion = 15.4;
					};
				};
			};
			buildConfigurationList = C903747F2C25D05D007DCA5E /* Build configuration list for PBXProject "Shorter" */;
			compatibilityVersion = "Xcode 14.0";
			developmentRegion = en;
			hasScannedForEncodings = 0;
			knownRegions = (
				en,
				Base,
			);
			mainGroup = C903747B2C25D05D007DCA5E;
			packageReferences = (
				C98C9F632C61DC5A00178904 /* XCRemoteSwiftPackageReference "firebase-ios-sdk" */,
				C98C9F662C61DC7D00178904 /* XCRemoteSwiftPackageReference "UIUniversals" */,
				C98C9F692C61DC9100178904 /* XCRemoteSwiftPackageReference "realm-swift" */,
			);
			productRefGroup = C90374852C25D05D007DCA5E /* Products */;
			projectDirPath = "";
			projectRoot = "";
			targets = (
				C90374832C25D05D007DCA5E /* Shorter */,
				C90374972C25D05E007DCA5E /* ShorterTests */,
				C90374A12C25D05E007DCA5E /* ShorterUITests */,
				C90374E52C261D7C007DCA5E /* ShorterWidgetsExtension */,
			);
		};
/* End PBXProject section */

/* Begin PBXResourcesBuildPhase section */
		C90374822C25D05D007DCA5E /* Resources */ = {
			isa = PBXResourcesBuildPhase;
			buildActionMask = 2147483647;
			files = (
				C9C1CA312C5F215700A137A4 /* GoogleService-Info.plist in Resources */,
				C90374932C25D05E007DCA5E /* Preview Assets.xcassets in Resources */,
				C9C1CA372C61D1C600A137A4 /* icon-dark.png in Resources */,
				C9C1CA392C61D27F00A137A4 /* icon-light.png in Resources */,
				C903748E2C25D05E007DCA5E /* Assets.xcassets in Resources */,
			);
			runOnlyForDeploymentPostprocessing = 0;
		};
		C90374962C25D05E007DCA5E /* Resources */ = {
			isa = PBXResourcesBuildPhase;
			buildActionMask = 2147483647;
			files = (
			);
			runOnlyForDeploymentPostprocessing = 0;
		};
		C90374A02C25D05E007DCA5E /* Resources */ = {
			isa = PBXResourcesBuildPhase;
			buildActionMask = 2147483647;
			files = (
			);
			runOnlyForDeploymentPostprocessing = 0;
		};
		C90374E42C261D7C007DCA5E /* Resources */ = {
			isa = PBXResourcesBuildPhase;
			buildActionMask = 2147483647;
			files = (
				C90374F22C261D7E007DCA5E /* Assets.xcassets in Resources */,
			);
			runOnlyForDeploymentPostprocessing = 0;
		};
/* End PBXResourcesBuildPhase section */

/* Begin PBXSourcesBuildPhase section */
		C90374802C25D05D007DCA5E /* Sources */ = {
			isa = PBXSourcesBuildPhase;
			buildActionMask = 2147483647;
			files = (
				C9E289D52C2C9B180075476A /* ShorterPostPromptView.swift in Sources */,
				C90374882C25D05D007DCA5E /* ShorterApp.swift in Sources */,
				C9E289CE2C2C54D50075476A /* UnicodeManager.swift in Sources */,
				C90374FD2C2624A0007DCA5E /* Keys.swift in Sources */,
				C9E289E62C2CF40C0075476A /* ShorterPostPageViewModel.swift in Sources */,
				C9E289E22C2CCB000075476A /* ProfileEdittingView.swift in Sources */,
				C90374CB2C25E88A007DCA5E /* ContactManager.swift in Sources */,
				C9E289D02C2C59870075476A /* EmojiManager.swift in Sources */,
				C90374BF2C25D12B007DCA5E /* MainView.swift in Sources */,
				C90374D72C2605D3007DCA5E /* MessagingManager.swift in Sources */,
				C9E289C72C2C4ACD0075476A /* ShorterPostCreationView.swift in Sources */,
				C91032C42C28FE2A00A226BE /* ProfilePreviewView.swift in Sources */,
				C903752B2C2765E3007DCA5E /* RealmManagerExtension.swift in Sources */,
				C9E289CC2C2C50FC0075476A /* EmojiPicker.swift in Sources */,
				C90374BB2C25D0FD007DCA5E /* PermissionManager.swift in Sources */,
				C9E289DE2C2CBD800075476A /* ProfileView.swift in Sources */,
				C90374BC2C25D0FD007DCA5E /* AuthenticationScene.swift in Sources */,
				C90374BA2C25D0FD007DCA5E /* RealmManager.swift in Sources */,
				C9E289C52C2BB74F0075476A /* ShorterSplashScreen.swift in Sources */,
				C91032CE2C2B7C6D00A226BE /* SearchView.swift in Sources */,
				C90375362C279010007DCA5E /* ShorterPostPreviewView.swift in Sources */,
				C90375412C288E57007DCA5E /* StyledScrollView.swift in Sources */,
				C90374C42C25D28B007DCA5E /* ShorterModel.swift in Sources */,
				C9E289C22C2BB3D80075476A /* SearchViewModel.swift in Sources */,
				C91032CA2C2B4E2200A226BE /* UniversalForms.swift in Sources */,
				C91032C62C290B0900A226BE /* IconButton.swift in Sources */,
				C90375272C2761FF007DCA5E /* ShorterPostExtension.swift in Sources */,
				C91032C82C2B4DDB00A226BE /* LoadingBlur.swift in Sources */,
				C90374D22C25F9A0007DCA5E /* ProfileCreationScene.swift in Sources */,
				C90375012C262A48007DCA5E /* Utilities.swift in Sources */,
				C903748C2C25D05D007DCA5E /* ShorterView.swift in Sources */,
				C9E289EA2C2E203B0075476A /* ShorterExtensions.swift in Sources */,
				C91032C22C28AEB400A226BE /* ShorterPostsCarousel.swift in Sources */,
				C90375042C263227007DCA5E /* NotificationManager.swift in Sources */,
				C90375232C27618B007DCA5E /* ShorterProfileExtension.swift in Sources */,
				C9E289E02C2CC3780075476A /* ShorterPlaceHolderView.swift in Sources */,
				C903753E2C288E23007DCA5E /* ScrollingCardWrapper.swift in Sources */,
				C9E28A302C32E4CF0075476A /* PrivacyPages.swift in Sources */,
				C90374B92C25D0FD007DCA5E /* RealmOpeningView.swift in Sources */,
				C9E289DB2C2CA74B0075476A /* TimingManager.swift in Sources */,
				C91032BF2C28A8F500A226BE /* ShorterPostPage.swift in Sources */,
				C90374CD2C25F4B4007DCA5E /* ShorterScene.swift in Sources */,
				C9E289E82C2DEE270075476A /* SocialPageView.swift in Sources */,
				C91032CC2C2B557000A226BE /* Extensions.swift in Sources */,
				C9E289E42C2CF3FA0075476A /* ShorterPostView.swift in Sources */,
				C90374C92C25E21B007DCA5E /* PhotoManager.swift in Sources */,
				C90374C72C25D689007DCA5E /* ShorterPost.swift in Sources */,
				C90374D02C25F551007DCA5E /* ShorterProfile.swift in Sources */,
			);
			runOnlyForDeploymentPostprocessing = 0;
		};
		C90374942C25D05E007DCA5E /* Sources */ = {
			isa = PBXSourcesBuildPhase;
			buildActionMask = 2147483647;
			files = (
				C903749D2C25D05E007DCA5E /* ShorterTests.swift in Sources */,
			);
			runOnlyForDeploymentPostprocessing = 0;
		};
		C903749E2C25D05E007DCA5E /* Sources */ = {
			isa = PBXSourcesBuildPhase;
			buildActionMask = 2147483647;
			files = (
				C90374A92C25D05E007DCA5E /* ShorterUITestsLaunchTests.swift in Sources */,
				C90374A72C25D05E007DCA5E /* ShorterUITests.swift in Sources */,
			);
			runOnlyForDeploymentPostprocessing = 0;
		};
		C90374E22C261D7C007DCA5E /* Sources */ = {
			isa = PBXSourcesBuildPhase;
			buildActionMask = 2147483647;
			files = (
				C90374EE2C261D7D007DCA5E /* ShorterWidgetsBundle.swift in Sources */,
				C90375292C276284007DCA5E /* ShorterPost.swift in Sources */,
				C9E28A292C2EC84D0075476A /* RealmManager.swift in Sources */,
				C90375242C2761CD007DCA5E /* ShorterProfile.swift in Sources */,
				C9E28A282C2EC8450075476A /* TimingManager.swift in Sources */,
				C90375282C27622F007DCA5E /* PhotoManager.swift in Sources */,
				C90374FE2C2624AB007DCA5E /* Keys.swift in Sources */,
				C903751B2C27463F007DCA5E /* SelectFriendIntent.swift in Sources */,
				C90375322C277CAA007DCA5E /* WidgetRealmManger.swift in Sources */,
				C90375022C262A91007DCA5E /* Utilities.swift in Sources */,
				C90374F02C261D7D007DCA5E /* ShorterWidgets.swift in Sources */,
			);
			runOnlyForDeploymentPostprocessing = 0;
		};
/* End PBXSourcesBuildPhase section */

/* Begin PBXTargetDependency section */
		C903749A2C25D05E007DCA5E /* PBXTargetDependency */ = {
			isa = PBXTargetDependency;
			target = C90374832C25D05D007DCA5E /* Shorter */;
			targetProxy = C90374992C25D05E007DCA5E /* PBXContainerItemProxy */;
		};
		C90374A42C25D05E007DCA5E /* PBXTargetDependency */ = {
			isa = PBXTargetDependency;
			target = C90374832C25D05D007DCA5E /* Shorter */;
			targetProxy = C90374A32C25D05E007DCA5E /* PBXContainerItemProxy */;
		};
		C90374F52C261D7E007DCA5E /* PBXTargetDependency */ = {
			isa = PBXTargetDependency;
			target = C90374E52C261D7C007DCA5E /* ShorterWidgetsExtension */;
			targetProxy = C90374F42C261D7E007DCA5E /* PBXContainerItemProxy */;
		};
/* End PBXTargetDependency section */

/* Begin XCBuildConfiguration section */
		C90374AA2C25D05E007DCA5E /* Debug */ = {
			isa = XCBuildConfiguration;
			buildSettings = {
				ALWAYS_SEARCH_USER_PATHS = NO;
				ASSETCATALOG_COMPILER_GENERATE_SWIFT_ASSET_SYMBOL_EXTENSIONS = YES;
				CLANG_ANALYZER_NONNULL = YES;
				CLANG_ANALYZER_NUMBER_OBJECT_CONVERSION = YES_AGGRESSIVE;
				CLANG_CXX_LANGUAGE_STANDARD = "gnu++20";
				CLANG_ENABLE_MODULES = YES;
				CLANG_ENABLE_OBJC_ARC = YES;
				CLANG_ENABLE_OBJC_WEAK = YES;
				CLANG_WARN_BLOCK_CAPTURE_AUTORELEASING = YES;
				CLANG_WARN_BOOL_CONVERSION = YES;
				CLANG_WARN_COMMA = YES;
				CLANG_WARN_CONSTANT_CONVERSION = YES;
				CLANG_WARN_DEPRECATED_OBJC_IMPLEMENTATIONS = YES;
				CLANG_WARN_DIRECT_OBJC_ISA_USAGE = YES_ERROR;
				CLANG_WARN_DOCUMENTATION_COMMENTS = YES;
				CLANG_WARN_EMPTY_BODY = YES;
				CLANG_WARN_ENUM_CONVERSION = YES;
				CLANG_WARN_INFINITE_RECURSION = YES;
				CLANG_WARN_INT_CONVERSION = YES;
				CLANG_WARN_NON_LITERAL_NULL_CONVERSION = YES;
				CLANG_WARN_OBJC_IMPLICIT_RETAIN_SELF = YES;
				CLANG_WARN_OBJC_LITERAL_CONVERSION = YES;
				CLANG_WARN_OBJC_ROOT_CLASS = YES_ERROR;
				CLANG_WARN_QUOTED_INCLUDE_IN_FRAMEWORK_HEADER = YES;
				CLANG_WARN_RANGE_LOOP_ANALYSIS = YES;
				CLANG_WARN_STRICT_PROTOTYPES = YES;
				CLANG_WARN_SUSPICIOUS_MOVE = YES;
				CLANG_WARN_UNGUARDED_AVAILABILITY = YES_AGGRESSIVE;
				CLANG_WARN_UNREACHABLE_CODE = YES;
				CLANG_WARN__DUPLICATE_METHOD_MATCH = YES;
				COPY_PHASE_STRIP = NO;
				DEBUG_INFORMATION_FORMAT = dwarf;
				ENABLE_STRICT_OBJC_MSGSEND = YES;
				ENABLE_TESTABILITY = YES;
				ENABLE_USER_SCRIPT_SANDBOXING = NO;
				GCC_C_LANGUAGE_STANDARD = gnu17;
				GCC_DYNAMIC_NO_PIC = NO;
				GCC_NO_COMMON_BLOCKS = YES;
				GCC_OPTIMIZATION_LEVEL = 0;
				GCC_PREPROCESSOR_DEFINITIONS = (
					"DEBUG=1",
					"$(inherited)",
				);
				GCC_WARN_64_TO_32_BIT_CONVERSION = YES;
				GCC_WARN_ABOUT_RETURN_TYPE = YES_ERROR;
				GCC_WARN_UNDECLARED_SELECTOR = YES;
				GCC_WARN_UNINITIALIZED_AUTOS = YES_AGGRESSIVE;
				GCC_WARN_UNUSED_FUNCTION = YES;
				GCC_WARN_UNUSED_VARIABLE = YES;
				IPHONEOS_DEPLOYMENT_TARGET = 15.0;
				LOCALIZATION_PREFERS_STRING_CATALOGS = YES;
				MTL_ENABLE_DEBUG_INFO = INCLUDE_SOURCE;
				MTL_FAST_MATH = YES;
				ONLY_ACTIVE_ARCH = YES;
				SWIFT_ACTIVE_COMPILATION_CONDITIONS = "DEBUG $(inherited)";
				SWIFT_OPTIMIZATION_LEVEL = "-Onone";
			};
			name = Debug;
		};
		C90374AB2C25D05E007DCA5E /* Release */ = {
			isa = XCBuildConfiguration;
			buildSettings = {
				ALWAYS_SEARCH_USER_PATHS = NO;
				ASSETCATALOG_COMPILER_GENERATE_SWIFT_ASSET_SYMBOL_EXTENSIONS = YES;
				CLANG_ANALYZER_NONNULL = YES;
				CLANG_ANALYZER_NUMBER_OBJECT_CONVERSION = YES_AGGRESSIVE;
				CLANG_CXX_LANGUAGE_STANDARD = "gnu++20";
				CLANG_ENABLE_MODULES = YES;
				CLANG_ENABLE_OBJC_ARC = YES;
				CLANG_ENABLE_OBJC_WEAK = YES;
				CLANG_WARN_BLOCK_CAPTURE_AUTORELEASING = YES;
				CLANG_WARN_BOOL_CONVERSION = YES;
				CLANG_WARN_COMMA = YES;
				CLANG_WARN_CONSTANT_CONVERSION = YES;
				CLANG_WARN_DEPRECATED_OBJC_IMPLEMENTATIONS = YES;
				CLANG_WARN_DIRECT_OBJC_ISA_USAGE = YES_ERROR;
				CLANG_WARN_DOCUMENTATION_COMMENTS = YES;
				CLANG_WARN_EMPTY_BODY = YES;
				CLANG_WARN_ENUM_CONVERSION = YES;
				CLANG_WARN_INFINITE_RECURSION = YES;
				CLANG_WARN_INT_CONVERSION = YES;
				CLANG_WARN_NON_LITERAL_NULL_CONVERSION = YES;
				CLANG_WARN_OBJC_IMPLICIT_RETAIN_SELF = YES;
				CLANG_WARN_OBJC_LITERAL_CONVERSION = YES;
				CLANG_WARN_OBJC_ROOT_CLASS = YES_ERROR;
				CLANG_WARN_QUOTED_INCLUDE_IN_FRAMEWORK_HEADER = YES;
				CLANG_WARN_RANGE_LOOP_ANALYSIS = YES;
				CLANG_WARN_STRICT_PROTOTYPES = YES;
				CLANG_WARN_SUSPICIOUS_MOVE = YES;
				CLANG_WARN_UNGUARDED_AVAILABILITY = YES_AGGRESSIVE;
				CLANG_WARN_UNREACHABLE_CODE = YES;
				CLANG_WARN__DUPLICATE_METHOD_MATCH = YES;
				COPY_PHASE_STRIP = NO;
				DEBUG_INFORMATION_FORMAT = "dwarf-with-dsym";
				ENABLE_NS_ASSERTIONS = NO;
				ENABLE_STRICT_OBJC_MSGSEND = YES;
				ENABLE_USER_SCRIPT_SANDBOXING = NO;
				GCC_C_LANGUAGE_STANDARD = gnu17;
				GCC_NO_COMMON_BLOCKS = YES;
				GCC_WARN_64_TO_32_BIT_CONVERSION = YES;
				GCC_WARN_ABOUT_RETURN_TYPE = YES_ERROR;
				GCC_WARN_UNDECLARED_SELECTOR = YES;
				GCC_WARN_UNINITIALIZED_AUTOS = YES_AGGRESSIVE;
				GCC_WARN_UNUSED_FUNCTION = YES;
				GCC_WARN_UNUSED_VARIABLE = YES;
				IPHONEOS_DEPLOYMENT_TARGET = 15.0;
				LOCALIZATION_PREFERS_STRING_CATALOGS = YES;
				MTL_ENABLE_DEBUG_INFO = NO;
				MTL_FAST_MATH = YES;
				SWIFT_COMPILATION_MODE = wholemodule;
			};
			name = Release;
		};
		C90374AD2C25D05E007DCA5E /* Debug */ = {
			isa = XCBuildConfiguration;
			buildSettings = {
				ALWAYS_EMBED_SWIFT_STANDARD_LIBRARIES = YES;
				ASSETCATALOG_COMPILER_APPICON_NAME = AppIcon;
				ASSETCATALOG_COMPILER_GLOBAL_ACCENT_COLOR_NAME = AccentColor;
				CLANG_USE_OPTIMIZATION_PROFILE = YES;
				CLANG_WARN_QUOTED_INCLUDE_IN_FRAMEWORK_HEADER = NO;
				CODE_SIGN_ENTITLEMENTS = Shorter/Shorter.entitlements;
				CODE_SIGN_STYLE = Automatic;
				CURRENT_PROJECT_VERSION = 1.6;
				DEVELOPMENT_ASSET_PATHS = "\"Shorter/Preview Content\"";
				DEVELOPMENT_TEAM = LN4JU8GNV7;
				ENABLE_HARDENED_RUNTIME = YES;
				ENABLE_PREVIEWS = YES;
				GENERATE_INFOPLIST_FILE = YES;
				INFOPLIST_FILE = Shorter/Info.plist;
				INFOPLIST_KEY_NSContactsUsageDescription = "Shorter would like to access your contacts to help find and connect with friends";
				"INFOPLIST_KEY_UIApplicationSceneManifest_Generation[sdk=iphoneos*]" = YES;
				"INFOPLIST_KEY_UIApplicationSceneManifest_Generation[sdk=iphonesimulator*]" = YES;
				"INFOPLIST_KEY_UIApplicationSupportsIndirectInputEvents[sdk=iphoneos*]" = YES;
				"INFOPLIST_KEY_UIApplicationSupportsIndirectInputEvents[sdk=iphonesimulator*]" = YES;
				"INFOPLIST_KEY_UILaunchScreen_Generation[sdk=iphoneos*]" = YES;
				"INFOPLIST_KEY_UILaunchScreen_Generation[sdk=iphonesimulator*]" = YES;
				"INFOPLIST_KEY_UIStatusBarStyle[sdk=iphoneos*]" = UIStatusBarStyleDefault;
				"INFOPLIST_KEY_UIStatusBarStyle[sdk=iphonesimulator*]" = UIStatusBarStyleDefault;
				INFOPLIST_KEY_UISupportedInterfaceOrientations = UIInterfaceOrientationPortrait;
				INFOPLIST_KEY_UISupportedInterfaceOrientations_iPad = "UIInterfaceOrientationLandscapeLeft UIInterfaceOrientationLandscapeRight UIInterfaceOrientationPortrait UIInterfaceOrientationPortraitUpsideDown";
				"INFOPLIST_KEY_UISupportsDocumentBrowser[sdk=iphoneos*]" = YES;
				"INFOPLIST_KEY_UISupportsDocumentBrowser[sdk=iphonesimulator*]" = YES;
				IPHONEOS_DEPLOYMENT_TARGET = 17.5;
				LD_RUNPATH_SEARCH_PATHS = "@executable_path/Frameworks";
				"LD_RUNPATH_SEARCH_PATHS[sdk=macosx*]" = "@executable_path/../Frameworks";
				MACOSX_DEPLOYMENT_TARGET = 14.5;
				MARKETING_VERSION = 1.0.1;
				PRODUCT_BUNDLE_IDENTIFIER = com.BrianMasse.Shorter;
				PRODUCT_NAME = "$(TARGET_NAME)";
				SDKROOT = auto;
				SUPPORTED_PLATFORMS = "iphoneos iphonesimulator";
				SUPPORTS_MACCATALYST = NO;
				SWIFT_EMIT_LOC_STRINGS = YES;
				SWIFT_VERSION = 5.0;
				TARGETED_DEVICE_FAMILY = 1;
			};
			name = Debug;
		};
		C90374AE2C25D05E007DCA5E /* Release */ = {
			isa = XCBuildConfiguration;
			buildSettings = {
				ALWAYS_EMBED_SWIFT_STANDARD_LIBRARIES = YES;
				"ASSETCATALOG_COMPILER_ALTERNATE_APPICON_NAMES[sdk=*]" = "icon-dark icon-light";
				ASSETCATALOG_COMPILER_APPICON_NAME = AppIcon;
				ASSETCATALOG_COMPILER_GLOBAL_ACCENT_COLOR_NAME = AccentColor;
				CLANG_USE_OPTIMIZATION_PROFILE = YES;
				CLANG_WARN_QUOTED_INCLUDE_IN_FRAMEWORK_HEADER = NO;
				CODE_SIGN_ENTITLEMENTS = Shorter/Shorter.entitlements;
				CODE_SIGN_STYLE = Automatic;
				CURRENT_PROJECT_VERSION = 1.6;
				DEVELOPMENT_ASSET_PATHS = "\"Shorter/Preview Content\"";
				DEVELOPMENT_TEAM = LN4JU8GNV7;
				ENABLE_HARDENED_RUNTIME = YES;
				ENABLE_PREVIEWS = YES;
				GENERATE_INFOPLIST_FILE = YES;
				INFOPLIST_FILE = Shorter/Info.plist;
				INFOPLIST_KEY_NSContactsUsageDescription = "Shorter would like to access your contacts to help find and connect with friends";
				"INFOPLIST_KEY_UIApplicationSceneManifest_Generation[sdk=iphoneos*]" = YES;
				"INFOPLIST_KEY_UIApplicationSceneManifest_Generation[sdk=iphonesimulator*]" = YES;
				"INFOPLIST_KEY_UIApplicationSupportsIndirectInputEvents[sdk=iphoneos*]" = YES;
				"INFOPLIST_KEY_UIApplicationSupportsIndirectInputEvents[sdk=iphonesimulator*]" = YES;
				"INFOPLIST_KEY_UILaunchScreen_Generation[sdk=iphoneos*]" = YES;
				"INFOPLIST_KEY_UILaunchScreen_Generation[sdk=iphonesimulator*]" = YES;
				"INFOPLIST_KEY_UIStatusBarStyle[sdk=iphoneos*]" = UIStatusBarStyleDefault;
				"INFOPLIST_KEY_UIStatusBarStyle[sdk=iphonesimulator*]" = UIStatusBarStyleDefault;
				INFOPLIST_KEY_UISupportedInterfaceOrientations = UIInterfaceOrientationPortrait;
				INFOPLIST_KEY_UISupportedInterfaceOrientations_iPad = "UIInterfaceOrientationLandscapeLeft UIInterfaceOrientationLandscapeRight UIInterfaceOrientationPortrait UIInterfaceOrientationPortraitUpsideDown";
				"INFOPLIST_KEY_UISupportsDocumentBrowser[sdk=iphoneos*]" = YES;
				"INFOPLIST_KEY_UISupportsDocumentBrowser[sdk=iphonesimulator*]" = YES;
				IPHONEOS_DEPLOYMENT_TARGET = 17.5;
				LD_RUNPATH_SEARCH_PATHS = "@executable_path/Frameworks";
				"LD_RUNPATH_SEARCH_PATHS[sdk=macosx*]" = "@executable_path/../Frameworks";
				MACOSX_DEPLOYMENT_TARGET = 14.5;
				MARKETING_VERSION = 1.0.1;
				PRODUCT_BUNDLE_IDENTIFIER = com.BrianMasse.Shorter;
				PRODUCT_NAME = "$(TARGET_NAME)";
				SDKROOT = auto;
				SUPPORTED_PLATFORMS = "iphoneos iphonesimulator";
				SUPPORTS_MACCATALYST = NO;
				SWIFT_EMIT_LOC_STRINGS = YES;
				SWIFT_VERSION = 5.0;
				TARGETED_DEVICE_FAMILY = 1;
			};
			name = Release;
		};
		C90374B02C25D05E007DCA5E /* Debug */ = {
			isa = XCBuildConfiguration;
			buildSettings = {
				ALWAYS_EMBED_SWIFT_STANDARD_LIBRARIES = YES;
				BUNDLE_LOADER = "$(TEST_HOST)";
				CLANG_WARN_QUOTED_INCLUDE_IN_FRAMEWORK_HEADER = NO;
				CODE_SIGN_STYLE = Automatic;
				CURRENT_PROJECT_VERSION = 1;
				DEVELOPMENT_TEAM = LN4JU8GNV7;
				GENERATE_INFOPLIST_FILE = YES;
				IPHONEOS_DEPLOYMENT_TARGET = 17.5;
				MACOSX_DEPLOYMENT_TARGET = 14.5;
				MARKETING_VERSION = 1.0;
				PRODUCT_BUNDLE_IDENTIFIER = com.BrianMasse.ShorterTests;
				PRODUCT_NAME = "$(TARGET_NAME)";
				SDKROOT = auto;
				SUPPORTED_PLATFORMS = "iphoneos iphonesimulator macosx";
				SWIFT_EMIT_LOC_STRINGS = NO;
				SWIFT_VERSION = 5.0;
				TARGETED_DEVICE_FAMILY = "1,2";
				TEST_HOST = "$(BUILT_PRODUCTS_DIR)/Shorter.app/$(BUNDLE_EXECUTABLE_FOLDER_PATH)/Shorter";
			};
			name = Debug;
		};
		C90374B12C25D05E007DCA5E /* Release */ = {
			isa = XCBuildConfiguration;
			buildSettings = {
				ALWAYS_EMBED_SWIFT_STANDARD_LIBRARIES = YES;
				BUNDLE_LOADER = "$(TEST_HOST)";
				CLANG_WARN_QUOTED_INCLUDE_IN_FRAMEWORK_HEADER = NO;
				CODE_SIGN_STYLE = Automatic;
				CURRENT_PROJECT_VERSION = 1;
				DEVELOPMENT_TEAM = LN4JU8GNV7;
				GENERATE_INFOPLIST_FILE = YES;
				IPHONEOS_DEPLOYMENT_TARGET = 17.5;
				MACOSX_DEPLOYMENT_TARGET = 14.5;
				MARKETING_VERSION = 1.0;
				PRODUCT_BUNDLE_IDENTIFIER = com.BrianMasse.ShorterTests;
				PRODUCT_NAME = "$(TARGET_NAME)";
				SDKROOT = auto;
				SUPPORTED_PLATFORMS = "iphoneos iphonesimulator macosx";
				SWIFT_EMIT_LOC_STRINGS = NO;
				SWIFT_VERSION = 5.0;
				TARGETED_DEVICE_FAMILY = "1,2";
				TEST_HOST = "$(BUILT_PRODUCTS_DIR)/Shorter.app/$(BUNDLE_EXECUTABLE_FOLDER_PATH)/Shorter";
			};
			name = Release;
		};
		C90374B32C25D05E007DCA5E /* Debug */ = {
			isa = XCBuildConfiguration;
			buildSettings = {
				ALWAYS_EMBED_SWIFT_STANDARD_LIBRARIES = YES;
				CLANG_WARN_QUOTED_INCLUDE_IN_FRAMEWORK_HEADER = NO;
				CODE_SIGN_STYLE = Automatic;
				CURRENT_PROJECT_VERSION = 1;
				DEVELOPMENT_TEAM = LN4JU8GNV7;
				GENERATE_INFOPLIST_FILE = YES;
				IPHONEOS_DEPLOYMENT_TARGET = 17.5;
				MACOSX_DEPLOYMENT_TARGET = 14.5;
				MARKETING_VERSION = 1.0;
				PRODUCT_BUNDLE_IDENTIFIER = com.BrianMasse.ShorterUITests;
				PRODUCT_NAME = "$(TARGET_NAME)";
				SDKROOT = auto;
				SUPPORTED_PLATFORMS = "iphoneos iphonesimulator macosx";
				SWIFT_EMIT_LOC_STRINGS = NO;
				SWIFT_VERSION = 5.0;
				TARGETED_DEVICE_FAMILY = "1,2";
				TEST_TARGET_NAME = Shorter;
			};
			name = Debug;
		};
		C90374B42C25D05E007DCA5E /* Release */ = {
			isa = XCBuildConfiguration;
			buildSettings = {
				ALWAYS_EMBED_SWIFT_STANDARD_LIBRARIES = YES;
				CLANG_WARN_QUOTED_INCLUDE_IN_FRAMEWORK_HEADER = NO;
				CODE_SIGN_STYLE = Automatic;
				CURRENT_PROJECT_VERSION = 1;
				DEVELOPMENT_TEAM = LN4JU8GNV7;
				GENERATE_INFOPLIST_FILE = YES;
				IPHONEOS_DEPLOYMENT_TARGET = 17.5;
				MACOSX_DEPLOYMENT_TARGET = 14.5;
				MARKETING_VERSION = 1.0;
				PRODUCT_BUNDLE_IDENTIFIER = com.BrianMasse.ShorterUITests;
				PRODUCT_NAME = "$(TARGET_NAME)";
				SDKROOT = auto;
				SUPPORTED_PLATFORMS = "iphoneos iphonesimulator macosx";
				SWIFT_EMIT_LOC_STRINGS = NO;
				SWIFT_VERSION = 5.0;
				TARGETED_DEVICE_FAMILY = "1,2";
				TEST_TARGET_NAME = Shorter;
			};
			name = Release;
		};
		C90374F82C261D7E007DCA5E /* Debug */ = {
			isa = XCBuildConfiguration;
			buildSettings = {
				ASSETCATALOG_COMPILER_GLOBAL_ACCENT_COLOR_NAME = AccentColor;
				ASSETCATALOG_COMPILER_WIDGET_BACKGROUND_COLOR_NAME = WidgetBackground;
				CLANG_WARN_QUOTED_INCLUDE_IN_FRAMEWORK_HEADER = NO;
				CODE_SIGN_ENTITLEMENTS = ShorterWidgetsExtension.entitlements;
				CODE_SIGN_STYLE = Automatic;
				CURRENT_PROJECT_VERSION = 1;
				DEVELOPMENT_TEAM = LN4JU8GNV7;
				GENERATE_INFOPLIST_FILE = YES;
				INFOPLIST_FILE = ShorterWidgets/Info.plist;
				INFOPLIST_KEY_CFBundleDisplayName = ShorterWidgets;
				INFOPLIST_KEY_NSHumanReadableCopyright = "";
				IPHONEOS_DEPLOYMENT_TARGET = 17.5;
				LD_RUNPATH_SEARCH_PATHS = (
					"$(inherited)",
					"@executable_path/Frameworks",
					"@executable_path/../../Frameworks",
				);
				MARKETING_VERSION = 1.0;
				PRODUCT_BUNDLE_IDENTIFIER = com.BrianMasse.Shorter.ShorterWidgets;
				PRODUCT_NAME = "$(TARGET_NAME)";
				SDKROOT = iphoneos;
				SKIP_INSTALL = YES;
				SWIFT_EMIT_LOC_STRINGS = YES;
				SWIFT_VERSION = 5.0;
				TARGETED_DEVICE_FAMILY = "1,2";
			};
			name = Debug;
		};
		C90374F92C261D7E007DCA5E /* Release */ = {
			isa = XCBuildConfiguration;
			buildSettings = {
				ASSETCATALOG_COMPILER_GLOBAL_ACCENT_COLOR_NAME = AccentColor;
				ASSETCATALOG_COMPILER_WIDGET_BACKGROUND_COLOR_NAME = WidgetBackground;
				CLANG_WARN_QUOTED_INCLUDE_IN_FRAMEWORK_HEADER = NO;
				CODE_SIGN_ENTITLEMENTS = ShorterWidgetsExtension.entitlements;
				CODE_SIGN_STYLE = Automatic;
				CURRENT_PROJECT_VERSION = 1;
				DEVELOPMENT_TEAM = LN4JU8GNV7;
				GENERATE_INFOPLIST_FILE = YES;
				INFOPLIST_FILE = ShorterWidgets/Info.plist;
				INFOPLIST_KEY_CFBundleDisplayName = ShorterWidgets;
				INFOPLIST_KEY_NSHumanReadableCopyright = "";
				IPHONEOS_DEPLOYMENT_TARGET = 17.5;
				LD_RUNPATH_SEARCH_PATHS = (
					"$(inherited)",
					"@executable_path/Frameworks",
					"@executable_path/../../Frameworks",
				);
				MARKETING_VERSION = 1.0;
				PRODUCT_BUNDLE_IDENTIFIER = com.BrianMasse.Shorter.ShorterWidgets;
				PRODUCT_NAME = "$(TARGET_NAME)";
				SDKROOT = iphoneos;
				SKIP_INSTALL = YES;
				SWIFT_EMIT_LOC_STRINGS = YES;
				SWIFT_VERSION = 5.0;
				TARGETED_DEVICE_FAMILY = "1,2";
				VALIDATE_PRODUCT = YES;
			};
			name = Release;
		};
/* End XCBuildConfiguration section */

/* Begin XCConfigurationList section */
		C903747F2C25D05D007DCA5E /* Build configuration list for PBXProject "Shorter" */ = {
			isa = XCConfigurationList;
			buildConfigurations = (
				C90374AA2C25D05E007DCA5E /* Debug */,
				C90374AB2C25D05E007DCA5E /* Release */,
			);
			defaultConfigurationIsVisible = 0;
			defaultConfigurationName = Release;
		};
		C90374AC2C25D05E007DCA5E /* Build configuration list for PBXNativeTarget "Shorter" */ = {
			isa = XCConfigurationList;
			buildConfigurations = (
				C90374AD2C25D05E007DCA5E /* Debug */,
				C90374AE2C25D05E007DCA5E /* Release */,
			);
			defaultConfigurationIsVisible = 0;
			defaultConfigurationName = Release;
		};
		C90374AF2C25D05E007DCA5E /* Build configuration list for PBXNativeTarget "ShorterTests" */ = {
			isa = XCConfigurationList;
			buildConfigurations = (
				C90374B02C25D05E007DCA5E /* Debug */,
				C90374B12C25D05E007DCA5E /* Release */,
			);
			defaultConfigurationIsVisible = 0;
			defaultConfigurationName = Release;
		};
		C90374B22C25D05E007DCA5E /* Build configuration list for PBXNativeTarget "ShorterUITests" */ = {
			isa = XCConfigurationList;
			buildConfigurations = (
				C90374B32C25D05E007DCA5E /* Debug */,
				C90374B42C25D05E007DCA5E /* Release */,
			);
			defaultConfigurationIsVisible = 0;
			defaultConfigurationName = Release;
		};
		C90374F72C261D7E007DCA5E /* Build configuration list for PBXNativeTarget "ShorterWidgetsExtension" */ = {
			isa = XCConfigurationList;
			buildConfigurations = (
				C90374F82C261D7E007DCA5E /* Debug */,
				C90374F92C261D7E007DCA5E /* Release */,
			);
			defaultConfigurationIsVisible = 0;
			defaultConfigurationName = Release;
		};
/* End XCConfigurationList section */

/* Begin XCRemoteSwiftPackageReference section */
		C98C9F632C61DC5A00178904 /* XCRemoteSwiftPackageReference "firebase-ios-sdk" */ = {
			isa = XCRemoteSwiftPackageReference;
			repositoryURL = "https://github.com/firebase/firebase-ios-sdk";
			requirement = {
				kind = upToNextMajorVersion;
				minimumVersion = 11.0.0;
			};
		};
		C98C9F662C61DC7D00178904 /* XCRemoteSwiftPackageReference "UIUniversals" */ = {
			isa = XCRemoteSwiftPackageReference;
			repositoryURL = "https://github.com/Brian-Masse/UIUniversals";
			requirement = {
				branch = main;
				kind = branch;
			};
		};
		C98C9F692C61DC9100178904 /* XCRemoteSwiftPackageReference "realm-swift" */ = {
			isa = XCRemoteSwiftPackageReference;
			repositoryURL = "https://github.com/realm/realm-swift";
			requirement = {
				branch = master;
				kind = branch;
			};
		};
/* End XCRemoteSwiftPackageReference section */

/* Begin XCSwiftPackageProductDependency section */
		C98C9F642C61DC5B00178904 /* FirebaseMessaging */ = {
			isa = XCSwiftPackageProductDependency;
			package = C98C9F632C61DC5A00178904 /* XCRemoteSwiftPackageReference "firebase-ios-sdk" */;
			productName = FirebaseMessaging;
		};
		C98C9F672C61DC7D00178904 /* UIUniversals */ = {
			isa = XCSwiftPackageProductDependency;
			package = C98C9F662C61DC7D00178904 /* XCRemoteSwiftPackageReference "UIUniversals" */;
			productName = UIUniversals;
		};
		C98C9F6A2C61DC9100178904 /* RealmSwift */ = {
			isa = XCSwiftPackageProductDependency;
			package = C98C9F692C61DC9100178904 /* XCRemoteSwiftPackageReference "realm-swift" */;
			productName = RealmSwift;
		};
		C98C9F6C2C61DCBB00178904 /* RealmSwift */ = {
			isa = XCSwiftPackageProductDependency;
			package = C98C9F692C61DC9100178904 /* XCRemoteSwiftPackageReference "realm-swift" */;
			productName = RealmSwift;
		};
		C98C9F6E2C61DD1200178904 /* UIUniversals */ = {
			isa = XCSwiftPackageProductDependency;
			package = C98C9F662C61DC7D00178904 /* XCRemoteSwiftPackageReference "UIUniversals" */;
			productName = UIUniversals;
		};
/* End XCSwiftPackageProductDependency section */
	};
	rootObject = C903747C2C25D05D007DCA5E /* Project object */;
}
